
Microsoft Visual Studio Solution File, Format Version 12.00
# Visual Studio Version 17
VisualStudioVersion = 17.10.35122.118
MinimumVisualStudioVersion = 10.0.40219.1
Project("{FAE04EC0-301F-11D3-BF4B-00C04F79EFBC}") = "LoonCallsMod", "LoonCallsMod.csproj", "{56C9F64C-5431-4E26-A7D9-442C4797C127}"
EndProject
Global
	GlobalSection(SolutionConfigurationPlatforms) = preSolution
		Debug|Any CPU = Debug|Any CPU
		Release|Any CPU = Release|Any CPU
	EndGlobalSection
	GlobalSection(ProjectConfigurationPlatforms) = postSolution
		{56C9F64C-5431-4E26-A7D9-442C4797C127}.Debug|Any CPU.ActiveCfg = Debug|Any CPU
		{56C9F64C-5431-4E26-A7D9-442C4797C127}.Debug|Any CPU.Build.0 = Debug|Any CPU
		{56C9F64C-5431-4E26-A7D9-442C4797C127}.Release|Any CPU.ActiveCfg = Release|Any CPU
		{56C9F64C-5431-4E26-A7D9-442C4797C127}.Release|Any CPU.Build.0 = Release|Any CPU
	EndGlobalSection
	GlobalSection(SolutionProperties) = preSolution
		HideSolutionNode = FALSE
	EndGlobalSection
	GlobalSection(ExtensibilityGlobals) = postSolution
		SolutionGuid = {6117D1FC-FE70-44DA-B02C-CABD47816F04}
	EndGlobalSection
EndGlobal
